
Microsoft Visual Studio Solution File, Format Version 12.00
# Visual Studio 15
Project("{FAE04EC0-301F-11D3-BF4B-00C04F79EFBC}") = "Assembly-CSharp", "Assembly-CSharp.csproj", "{DC6D268C-832E-9243-E8D9-1E4D4FEF0D1C}"
EndProject
Project("{FAE04EC0-301F-11D3-BF4B-00C04F79EFBC}") = "Unity.XR.Interaction.Toolkit.Samples.StarterAssets", "Unity.XR.Interaction.Toolkit.Samples.StarterAssets.csproj", "{A826016B-D303-011C-5073-31EB5AA0B4B5}"
EndProject
Project("{FAE04EC0-301F-11D3-BF4B-00C04F79EFBC}") = "Assembly-CSharp-Editor", "Assembly-CSharp-Editor.csproj", "{84206018-A6B5-66C5-97F9-2AC2EAE63054}"
EndProject
Project("{FAE04EC0-301F-11D3-BF4B-00C04F79EFBC}") = "Unity.XR.Interaction.Toolkit.Samples.StarterAssets.Editor", "Unity.XR.Interaction.Toolkit.Samples.StarterAssets.Editor.csproj", "{CCB277B4-1D33-3480-43EC-C2F2858F5BAC}"
EndProject
Global
	GlobalSection(SolutionConfigurationPlatforms) = preSolution
		Debug|Any CPU = Debug|Any CPU
		Release|Any CPU = Release|Any CPU
	EndGlobalSection
	GlobalSection(ProjectConfigurationPlatforms) = postSolution
		{DC6D268C-832E-9243-E8D9-1E4D4FEF0D1C}.Debug|Any CPU.ActiveCfg = Debug|Any CPU
		{DC6D268C-832E-9243-E8D9-1E4D4FEF0D1C}.Debug|Any CPU.Build.0 = Debug|Any CPU
		{DC6D268C-832E-9243-E8D9-1E4D4FEF0D1C}.Release|Any CPU.ActiveCfg = Release|Any CPU
		{DC6D268C-832E-9243-E8D9-1E4D4FEF0D1C}.Release|Any CPU.Build.0 = Release|Any CPU
		{A826016B-D303-011C-5073-31EB5AA0B4B5}.Debug|Any CPU.ActiveCfg = Debug|Any CPU
		{A826016B-D303-011C-5073-31EB5AA0B4B5}.Debug|Any CPU.Build.0 = Debug|Any CPU
		{A826016B-D303-011C-5073-31EB5AA0B4B5}.Release|Any CPU.ActiveCfg = Release|Any CPU
		{A826016B-D303-011C-5073-31EB5AA0B4B5}.Release|Any CPU.Build.0 = Release|Any CPU
		{84206018-A6B5-66C5-97F9-2AC2EAE63054}.Debug|Any CPU.ActiveCfg = Debug|Any CPU
		{84206018-A6B5-66C5-97F9-2AC2EAE63054}.Debug|Any CPU.Build.0 = Debug|Any CPU
		{84206018-A6B5-66C5-97F9-2AC2EAE63054}.Release|Any CPU.ActiveCfg = Release|Any CPU
		{84206018-A6B5-66C5-97F9-2AC2EAE63054}.Release|Any CPU.Build.0 = Release|Any CPU
		{CCB277B4-1D33-3480-43EC-C2F2858F5BAC}.Debug|Any CPU.ActiveCfg = Debug|Any CPU
		{CCB277B4-1D33-3480-43EC-C2F2858F5BAC}.Debug|Any CPU.Build.0 = Debug|Any CPU
		{CCB277B4-1D33-3480-43EC-C2F2858F5BAC}.Release|Any CPU.ActiveCfg = Release|Any CPU
		{CCB277B4-1D33-3480-43EC-C2F2858F5BAC}.Release|Any CPU.Build.0 = Release|Any CPU
	EndGlobalSection
	GlobalSection(SolutionProperties) = preSolution
		HideSolutionNode = FALSE
	EndGlobalSection
EndGlobal
