
Microsoft Visual Studio Solution File, Format Version 12.00
# Visual Studio 15
Project("{FAE04EC0-301F-11D3-BF4B-00C04F79EFBC}") = "Unity.XR.Interaction.Toolkit.Samples.StarterAssets", "Unity.XR.Interaction.Toolkit.Samples.StarterAssets.csproj", "{E146145D-2C45-DD26-B118-EA2EF93FB04C}"
EndProject
Project("{FAE04EC0-301F-11D3-BF4B-00C04F79EFBC}") = "Assembly-CSharp", "Assembly-CSharp.csproj", "{6C9523FF-2F8F-A575-3B04-2C2455678165}"
EndProject
Project("{FAE04EC0-301F-11D3-BF4B-00C04F79EFBC}") = "Unity.XR.Interaction.Toolkit.Samples.StarterAssets.Editor", "Unity.XR.Interaction.Toolkit.Samples.StarterAssets.Editor.csproj", "{13C7CB6D-AF90-C5A3-CF25-0B2716E2351A}"
EndProject
Global
	GlobalSection(SolutionConfigurationPlatforms) = preSolution
		Debug|Any CPU = Debug|Any CPU
		Release|Any CPU = Release|Any CPU
	EndGlobalSection
	GlobalSection(ProjectConfigurationPlatforms) = postSolution
		{E146145D-2C45-DD26-B118-EA2EF93FB04C}.Debug|Any CPU.ActiveCfg = Debug|Any CPU
		{E146145D-2C45-DD26-B118-EA2EF93FB04C}.Debug|Any CPU.Build.0 = Debug|Any CPU
		{E146145D-2C45-DD26-B118-EA2EF93FB04C}.Release|Any CPU.ActiveCfg = Release|Any CPU
		{E146145D-2C45-DD26-B118-EA2EF93FB04C}.Release|Any CPU.Build.0 = Release|Any CPU
		{6C9523FF-2F8F-A575-3B04-2C2455678165}.Debug|Any CPU.ActiveCfg = Debug|Any CPU
		{6C9523FF-2F8F-A575-3B04-2C2455678165}.Debug|Any CPU.Build.0 = Debug|Any CPU
		{6C9523FF-2F8F-A575-3B04-2C2455678165}.Release|Any CPU.ActiveCfg = Release|Any CPU
		{6C9523FF-2F8F-A575-3B04-2C2455678165}.Release|Any CPU.Build.0 = Release|Any CPU
		{13C7CB6D-AF90-C5A3-CF25-0B2716E2351A}.Debug|Any CPU.ActiveCfg = Debug|Any CPU
		{13C7CB6D-AF90-C5A3-CF25-0B2716E2351A}.Debug|Any CPU.Build.0 = Debug|Any CPU
		{13C7CB6D-AF90-C5A3-CF25-0B2716E2351A}.Release|Any CPU.ActiveCfg = Release|Any CPU
		{13C7CB6D-AF90-C5A3-CF25-0B2716E2351A}.Release|Any CPU.Build.0 = Release|Any CPU
	EndGlobalSection
	GlobalSection(SolutionProperties) = preSolution
		HideSolutionNode = FALSE
	EndGlobalSection
EndGlobal
